PODS:
  - SQLite.swift (0.11.0):
    - SQLite.swift/standard (= 0.11.0)
  - SQLite.swift/standard (0.11.0)

DEPENDENCIES:
  - SQLite.swift (from `https://github.com/stephencelis/SQLite.swift.git`)

EXTERNAL SOURCES:
  SQLite.swift:
    :git: https://github.com/stephencelis/SQLite.swift.git

CHECKOUT OPTIONS:
  SQLite.swift:
    :commit: 9a85a8fda853062fa43c5cf522a7f0c8a0761b97
    :git: https://github.com/stephencelis/SQLite.swift.git

SPEC CHECKSUMS:
  SQLite.swift: 9a26273607d3077a2e5a8d33486e9989f8404c7d

PODFILE CHECKSUM: e85562afff9c3dd7668330d7bf1525f45c4bf13b

COCOAPODS: 1.0.0.beta.6
