// !$*UTF8*$!
{
	archiveVersion = 1;
	classes = {
	};
	objectVersion = 46;
	objects = {

/* Begin PBXBuildFile section */
		2C15D8001B47E8BD00935E9F /* AppDelegate.swift in Sources */ = {isa = PBXBuildFile; fileRef = 2C15D7FF1B47E8BD00935E9F /* AppDelegate.swift */; };
		2C15D8081B47E8BD00935E9F /* Main.storyboard in Resources */ = {isa = PBXBuildFile; fileRef = 2C15D8061B47E8BD00935E9F /* Main.storyboard */; };
		2C15D80A1B47E8BD00935E9F /* Images.xcassets in Resources */ = {isa = PBXBuildFile; fileRef = 2C15D8091B47E8BD00935E9F /* Images.xcassets */; };
		2C15D80D1B47E8BD00935E9F /* LaunchScreen.xib in Resources */ = {isa = PBXBuildFile; fileRef = 2C15D80B1B47E8BD00935E9F /* LaunchScreen.xib */; };
		2C15D8191B47E8BD00935E9F /* baranovTests.swift in Sources */ = {isa = PBXBuildFile; fileRef = 2C15D8181B47E8BD00935E9F /* baranovTests.swift */; };
		2C15D8231B47EE8800935E9F /* Article.swift in Sources */ = {isa = PBXBuildFile; fileRef = 2C15D8221B47EE8800935E9F /* Article.swift */; };
		2C16AD251B4FFC2600E72F9A /* DetailsViewController.swift in Sources */ = {isa = PBXBuildFile; fileRef = 2C16AD241B4FFC2600E72F9A /* DetailsViewController.swift */; };
		2C16AD271B501A9B00E72F9A /* DetailsDataSource.swift in Sources */ = {isa = PBXBuildFile; fileRef = 2C16AD261B501A9B00E72F9A /* DetailsDataSource.swift */; };
		2C1EC3F71B55B368002A6595 /* SearchAutocompleteTableViewController.swift in Sources */ = {isa = PBXBuildFile; fileRef = 2C1EC3F61B55B368002A6595 /* SearchAutocompleteTableViewController.swift */; };
		2C1EC3F91B57081F002A6595 /* NSDate+SQLite.swift in Sources */ = {isa = PBXBuildFile; fileRef = 2C1EC3F81B57081F002A6595 /* NSDate+SQLite.swift */; };
		2C24CA2B1B4C104E0045FF5F /* MyDatabase.swift in Sources */ = {isa = PBXBuildFile; fileRef = 2C24CA2A1B4C104E0045FF5F /* MyDatabase.swift */; };
		2C24CA2D1B4C190C0045FF5F /* ArticleDataSourceDelegate.swift in Sources */ = {isa = PBXBuildFile; fileRef = 2C24CA2C1B4C190C0045FF5F /* ArticleDataSourceDelegate.swift */; };
		2C3D64F81B4962C400CEDCDB /* articles.db in Resources */ = {isa = PBXBuildFile; fileRef = 2C3D64F71B4962C400CEDCDB /* articles.db */; };
		2C3D64FC1B4A848C00CEDCDB /* UIColor+AppColors.swift in Sources */ = {isa = PBXBuildFile; fileRef = 2C3D64FB1B4A848C00CEDCDB /* UIColor+AppColors.swift */; };
		2C67EF711B4ACD1600F19B2F /* Localizable.strings in Resources */ = {isa = PBXBuildFile; fileRef = 2C67EF701B4ACD1600F19B2F /* Localizable.strings */; };
		2C67EF731B4AEADF00F19B2F /* MainViewController.swift in Sources */ = {isa = PBXBuildFile; fileRef = 2C67EF721B4AEADF00F19B2F /* MainViewController.swift */; };
		2C6D99691B483C0500DD5AAE /* ArticleTableViewCell.swift in Sources */ = {isa = PBXBuildFile; fileRef = 2C6D99681B483C0500DD5AAE /* ArticleTableViewCell.swift */; };
		2C7479101B52E57000D3DC1C /* AlphabetViewController.swift in Sources */ = {isa = PBXBuildFile; fileRef = 2C74790F1B52E57000D3DC1C /* AlphabetViewController.swift */; };
		2C7479121B52E57E00D3DC1C /* AboutViewController.swift in Sources */ = {isa = PBXBuildFile; fileRef = 2C7479111B52E57E00D3DC1C /* AboutViewController.swift */; };
		2C77B5461B4C40E3005E3ECF /* ArticleLoader.swift in Sources */ = {isa = PBXBuildFile; fileRef = 2C77B5451B4C40E3005E3ECF /* ArticleLoader.swift */; };
		2CD1D8731B4D370D00B4693E /* UIFont+AppSizes.swift in Sources */ = {isa = PBXBuildFile; fileRef = 2CD1D8721B4D370D00B4693E /* UIFont+AppSizes.swift */; };
		2CD1D8751B4D3C3C00B4693E /* String+length.swift in Sources */ = {isa = PBXBuildFile; fileRef = 2CD1D8741B4D3C3C00B4693E /* String+length.swift */; };
		2CE189321B53B33900D019DA /* AlphabetTableViewCell.swift in Sources */ = {isa = PBXBuildFile; fileRef = 2CE189311B53B33900D019DA /* AlphabetTableViewCell.swift */; };
		2CE189341B53B4A100D019DA /* Alphabet.swift in Sources */ = {isa = PBXBuildFile; fileRef = 2CE189331B53B4A100D019DA /* Alphabet.swift */; };
		2CE189361B541D8D00D019DA /* ENSideMenu.swift in Sources */ = {isa = PBXBuildFile; fileRef = 2CE189351B541D8D00D019DA /* ENSideMenu.swift */; };
		2CE189381B541D9700D019DA /* ENSideMenuNavigationController.swift in Sources */ = {isa = PBXBuildFile; fileRef = 2CE189371B541D9700D019DA /* ENSideMenuNavigationController.swift */; };
		2CE1893A1B541EB800D019DA /* MenuTableViewController.swift in Sources */ = {isa = PBXBuildFile; fileRef = 2CE189391B541EB800D019DA /* MenuTableViewController.swift */; };
		2CE1893C1B54201500D019DA /* MyNavigationController.swift in Sources */ = {isa = PBXBuildFile; fileRef = 2CE1893B1B54201500D019DA /* MyNavigationController.swift */; };
		7B1167AA70B035003DA6C7A2 /* Pods_____.framework in Frameworks */ = {isa = PBXBuildFile; fileRef = F19642369D24800398045424 /* Pods_____.framework */; };
/* End PBXBuildFile section */

/* Begin PBXContainerItemProxy section */
		2C15D8131B47E8BD00935E9F /* PBXContainerItemProxy */ = {
			isa = PBXContainerItemProxy;
			containerPortal = 2C15D7F21B47E8BD00935E9F /* Project object */;
			proxyType = 1;
			remoteGlobalIDString = 2C15D7F91B47E8BD00935E9F;
			remoteInfo = baranov;
		};
/* End PBXContainerItemProxy section */

/* Begin PBXFileReference section */
		2C15D7FA1B47E8BD00935E9F /* БАРС.app */ = {isa = PBXFileReference; explicitFileType = wrapper.application; includeInIndex = 0; path = "БАРС.app"; sourceTree = BUILT_PRODUCTS_DIR; };
		2C15D7FE1B47E8BD00935E9F /* Info.plist */ = {isa = PBXFileReference; lastKnownFileType = text.plist.xml; path = Info.plist; sourceTree = "<group>"; };
		2C15D7FF1B47E8BD00935E9F /* AppDelegate.swift */ = {isa = PBXFileReference; lastKnownFileType = sourcecode.swift; path = AppDelegate.swift; sourceTree = "<group>"; };
		2C15D8071B47E8BD00935E9F /* Base */ = {isa = PBXFileReference; lastKnownFileType = file.storyboard; name = Base; path = Base.lproj/Main.storyboard; sourceTree = "<group>"; };
		2C15D8091B47E8BD00935E9F /* Images.xcassets */ = {isa = PBXFileReference; lastKnownFileType = folder.assetcatalog; path = Images.xcassets; sourceTree = "<group>"; };
		2C15D80C1B47E8BD00935E9F /* Base */ = {isa = PBXFileReference; lastKnownFileType = file.xib; name = Base; path = Base.lproj/LaunchScreen.xib; sourceTree = "<group>"; };
		2C15D8121B47E8BD00935E9F /* baranovTests.xctest */ = {isa = PBXFileReference; explicitFileType = wrapper.cfbundle; includeInIndex = 0; path = baranovTests.xctest; sourceTree = BUILT_PRODUCTS_DIR; };
		2C15D8171B47E8BD00935E9F /* Info.plist */ = {isa = PBXFileReference; lastKnownFileType = text.plist.xml; path = Info.plist; sourceTree = "<group>"; };
		2C15D8181B47E8BD00935E9F /* baranovTests.swift */ = {isa = PBXFileReference; lastKnownFileType = sourcecode.swift; path = baranovTests.swift; sourceTree = "<group>"; };
		2C15D8221B47EE8800935E9F /* Article.swift */ = {isa = PBXFileReference; fileEncoding = 4; lastKnownFileType = sourcecode.swift; path = Article.swift; sourceTree = "<group>"; };
		2C16AD241B4FFC2600E72F9A /* DetailsViewController.swift */ = {isa = PBXFileReference; fileEncoding = 4; lastKnownFileType = sourcecode.swift; path = DetailsViewController.swift; sourceTree = "<group>"; };
		2C16AD261B501A9B00E72F9A /* DetailsDataSource.swift */ = {isa = PBXFileReference; fileEncoding = 4; lastKnownFileType = sourcecode.swift; path = DetailsDataSource.swift; sourceTree = "<group>"; };
		2C1EC3F61B55B368002A6595 /* SearchAutocompleteTableViewController.swift */ = {isa = PBXFileReference; fileEncoding = 4; lastKnownFileType = sourcecode.swift; path = SearchAutocompleteTableViewController.swift; sourceTree = "<group>"; };
		2C1EC3F81B57081F002A6595 /* NSDate+SQLite.swift */ = {isa = PBXFileReference; fileEncoding = 4; lastKnownFileType = sourcecode.swift; path = "NSDate+SQLite.swift"; sourceTree = "<group>"; };
		2C24CA2A1B4C104E0045FF5F /* MyDatabase.swift */ = {isa = PBXFileReference; fileEncoding = 4; lastKnownFileType = sourcecode.swift; path = MyDatabase.swift; sourceTree = "<group>"; };
		2C24CA2C1B4C190C0045FF5F /* ArticleDataSourceDelegate.swift */ = {isa = PBXFileReference; fileEncoding = 4; lastKnownFileType = sourcecode.swift; path = ArticleDataSourceDelegate.swift; sourceTree = "<group>"; };
		2C3D64F71B4962C400CEDCDB /* articles.db */ = {isa = PBXFileReference; lastKnownFileType = file; path = articles.db; sourceTree = "<group>"; };
		2C3D64FB1B4A848C00CEDCDB /* UIColor+AppColors.swift */ = {isa = PBXFileReference; fileEncoding = 4; lastKnownFileType = sourcecode.swift; path = "UIColor+AppColors.swift"; sourceTree = "<group>"; };
		2C67EF701B4ACD1600F19B2F /* Localizable.strings */ = {isa = PBXFileReference; fileEncoding = 4; lastKnownFileType = text.plist.strings; path = Localizable.strings; sourceTree = "<group>"; };
		2C67EF721B4AEADF00F19B2F /* MainViewController.swift */ = {isa = PBXFileReference; fileEncoding = 4; lastKnownFileType = sourcecode.swift; path = MainViewController.swift; sourceTree = "<group>"; };
		2C6D99681B483C0500DD5AAE /* ArticleTableViewCell.swift */ = {isa = PBXFileReference; fileEncoding = 4; lastKnownFileType = sourcecode.swift; path = ArticleTableViewCell.swift; sourceTree = "<group>"; };
		2C74790F1B52E57000D3DC1C /* AlphabetViewController.swift */ = {isa = PBXFileReference; fileEncoding = 4; lastKnownFileType = sourcecode.swift; path = AlphabetViewController.swift; sourceTree = "<group>"; };
		2C7479111B52E57E00D3DC1C /* AboutViewController.swift */ = {isa = PBXFileReference; fileEncoding = 4; lastKnownFileType = sourcecode.swift; path = AboutViewController.swift; sourceTree = "<group>"; };
		2C77B5451B4C40E3005E3ECF /* ArticleLoader.swift */ = {isa = PBXFileReference; fileEncoding = 4; lastKnownFileType = sourcecode.swift; path = ArticleLoader.swift; sourceTree = "<group>"; };
		2CD1D8721B4D370D00B4693E /* UIFont+AppSizes.swift */ = {isa = PBXFileReference; fileEncoding = 4; lastKnownFileType = sourcecode.swift; path = "UIFont+AppSizes.swift"; sourceTree = "<group>"; };
		2CD1D8741B4D3C3C00B4693E /* String+length.swift */ = {isa = PBXFileReference; fileEncoding = 4; lastKnownFileType = sourcecode.swift; path = "String+length.swift"; sourceTree = "<group>"; };
		2CE189311B53B33900D019DA /* AlphabetTableViewCell.swift */ = {isa = PBXFileReference; fileEncoding = 4; lastKnownFileType = sourcecode.swift; path = AlphabetTableViewCell.swift; sourceTree = "<group>"; };
		2CE189331B53B4A100D019DA /* Alphabet.swift */ = {isa = PBXFileReference; fileEncoding = 4; lastKnownFileType = sourcecode.swift; path = Alphabet.swift; sourceTree = "<group>"; };
		2CE189351B541D8D00D019DA /* ENSideMenu.swift */ = {isa = PBXFileReference; fileEncoding = 4; lastKnownFileType = sourcecode.swift; path = ENSideMenu.swift; sourceTree = "<group>"; };
		2CE189371B541D9700D019DA /* ENSideMenuNavigationController.swift */ = {isa = PBXFileReference; fileEncoding = 4; lastKnownFileType = sourcecode.swift; path = ENSideMenuNavigationController.swift; sourceTree = "<group>"; };
		2CE189391B541EB800D019DA /* MenuTableViewController.swift */ = {isa = PBXFileReference; fileEncoding = 4; lastKnownFileType = sourcecode.swift; path = MenuTableViewController.swift; sourceTree = "<group>"; };
		2CE1893B1B54201500D019DA /* MyNavigationController.swift */ = {isa = PBXFileReference; fileEncoding = 4; lastKnownFileType = sourcecode.swift; path = MyNavigationController.swift; sourceTree = "<group>"; };
		5E43B89F9258B94691DD546E /* Pods-БАРС.debug.xcconfig */ = {isa = PBXFileReference; includeInIndex = 1; lastKnownFileType = text.xcconfig; name = "Pods-БАРС.debug.xcconfig"; path = "Pods/Target Support Files/Pods-БАРС/Pods-БАРС.debug.xcconfig"; sourceTree = "<group>"; };
		A568682317F0F6BA0780AB63 /* Pods-baranov.debug.xcconfig */ = {isa = PBXFileReference; includeInIndex = 1; lastKnownFileType = text.xcconfig; name = "Pods-baranov.debug.xcconfig"; path = "Pods/Target Support Files/Pods-baranov/Pods-baranov.debug.xcconfig"; sourceTree = "<group>"; };
		E11146E4FDE6E4AD19A3877A /* Pods_baranov.framework */ = {isa = PBXFileReference; explicitFileType = wrapper.framework; includeInIndex = 0; path = Pods_baranov.framework; sourceTree = BUILT_PRODUCTS_DIR; };
		F02D1B0C9E31BB344407CC7D /* Pods-БАРС.release.xcconfig */ = {isa = PBXFileReference; includeInIndex = 1; lastKnownFileType = text.xcconfig; name = "Pods-БАРС.release.xcconfig"; path = "Pods/Target Support Files/Pods-БАРС/Pods-БАРС.release.xcconfig"; sourceTree = "<group>"; };
		F19642369D24800398045424 /* Pods_____.framework */ = {isa = PBXFileReference; explicitFileType = wrapper.framework; includeInIndex = 0; path = "Pods_____.framework"; sourceTree = BUILT_PRODUCTS_DIR; };
		F5AEA7ACC49199865E0334BD /* Pods-baranov.release.xcconfig */ = {isa = PBXFileReference; includeInIndex = 1; lastKnownFileType = text.xcconfig; name = "Pods-baranov.release.xcconfig"; path = "Pods/Target Support Files/Pods-baranov/Pods-baranov.release.xcconfig"; sourceTree = "<group>"; };
/* End PBXFileReference section */

/* Begin PBXFrameworksBuildPhase section */
		2C15D7F71B47E8BD00935E9F /* Frameworks */ = {
			isa = PBXFrameworksBuildPhase;
			buildActionMask = 2147483647;
			files = (
				7B1167AA70B035003DA6C7A2 /* Pods_____.framework in Frameworks */,
			);
			runOnlyForDeploymentPostprocessing = 0;
		};
		2C15D80F1B47E8BD00935E9F /* Frameworks */ = {
			isa = PBXFrameworksBuildPhase;
			buildActionMask = 2147483647;
			files = (
			);
			runOnlyForDeploymentPostprocessing = 0;
		};
/* End PBXFrameworksBuildPhase section */

/* Begin PBXGroup section */
		189EE780DC2F399C46F06967 /* Frameworks */ = {
			isa = PBXGroup;
			children = (
				E11146E4FDE6E4AD19A3877A /* Pods_baranov.framework */,
				F19642369D24800398045424 /* Pods_____.framework */,
			);
			name = Frameworks;
			sourceTree = "<group>";
		};
		2C15D7F11B47E8BD00935E9F = {
			isa = PBXGroup;
			children = (
				2C15D7FC1B47E8BD00935E9F /* baranov */,
				2C15D8151B47E8BD00935E9F /* baranovTests */,
				2C15D7FB1B47E8BD00935E9F /* Products */,
				9107183D142989116B26C16C /* Pods */,
				189EE780DC2F399C46F06967 /* Frameworks */,
			);
			sourceTree = "<group>";
		};
		2C15D7FB1B47E8BD00935E9F /* Products */ = {
			isa = PBXGroup;
			children = (
				2C15D7FA1B47E8BD00935E9F /* БАРС.app */,
				2C15D8121B47E8BD00935E9F /* baranovTests.xctest */,
			);
			name = Products;
			sourceTree = "<group>";
		};
		2C15D7FC1B47E8BD00935E9F /* baranov */ = {
			isa = PBXGroup;
			children = (
				2C3D64F71B4962C400CEDCDB /* articles.db */,
				2C15D7FF1B47E8BD00935E9F /* AppDelegate.swift */,
				2C67EF721B4AEADF00F19B2F /* MainViewController.swift */,
				2CE1893B1B54201500D019DA /* MyNavigationController.swift */,
				2C16AD241B4FFC2600E72F9A /* DetailsViewController.swift */,
				2C77B5451B4C40E3005E3ECF /* ArticleLoader.swift */,
				2C24CA2C1B4C190C0045FF5F /* ArticleDataSourceDelegate.swift */,
				2C16AD261B501A9B00E72F9A /* DetailsDataSource.swift */,
				2CE189371B541D9700D019DA /* ENSideMenuNavigationController.swift */,
				2CE189351B541D8D00D019DA /* ENSideMenu.swift */,
				2C74790F1B52E57000D3DC1C /* AlphabetViewController.swift */,
				2CE189331B53B4A100D019DA /* Alphabet.swift */,
				2C7479111B52E57E00D3DC1C /* AboutViewController.swift */,
				2C67EF701B4ACD1600F19B2F /* Localizable.strings */,
				2C24CA2A1B4C104E0045FF5F /* MyDatabase.swift */,
				2C1EC3F81B57081F002A6595 /* NSDate+SQLite.swift */,
				2CD1D8741B4D3C3C00B4693E /* String+length.swift */,
				2CD1D8721B4D370D00B4693E /* UIFont+AppSizes.swift */,
				2C15D8061B47E8BD00935E9F /* Main.storyboard */,
				2CE189391B541EB800D019DA /* MenuTableViewController.swift */,
				2CE189311B53B33900D019DA /* AlphabetTableViewCell.swift */,
				2C6D99681B483C0500DD5AAE /* ArticleTableViewCell.swift */,
				2C3D64FB1B4A848C00CEDCDB /* UIColor+AppColors.swift */,
				2C15D8091B47E8BD00935E9F /* Images.xcassets */,
				2C15D80B1B47E8BD00935E9F /* LaunchScreen.xib */,
				2C15D8221B47EE8800935E9F /* Article.swift */,
				2C1EC3F61B55B368002A6595 /* SearchAutocompleteTableViewController.swift */,
				2C15D7FD1B47E8BD00935E9F /* Supporting Files */,
			);
			path = baranov;
			sourceTree = "<group>";
		};
		2C15D7FD1B47E8BD00935E9F /* Supporting Files */ = {
			isa = PBXGroup;
			children = (
				2C15D7FE1B47E8BD00935E9F /* Info.plist */,
			);
			name = "Supporting Files";
			sourceTree = "<group>";
		};
		2C15D8151B47E8BD00935E9F /* baranovTests */ = {
			isa = PBXGroup;
			children = (
				2C15D8181B47E8BD00935E9F /* baranovTests.swift */,
				2C15D8161B47E8BD00935E9F /* Supporting Files */,
			);
			path = baranovTests;
			sourceTree = "<group>";
		};
		2C15D8161B47E8BD00935E9F /* Supporting Files */ = {
			isa = PBXGroup;
			children = (
				2C15D8171B47E8BD00935E9F /* Info.plist */,
			);
			name = "Supporting Files";
			sourceTree = "<group>";
		};
		9107183D142989116B26C16C /* Pods */ = {
			isa = PBXGroup;
			children = (
				A568682317F0F6BA0780AB63 /* Pods-baranov.debug.xcconfig */,
				F5AEA7ACC49199865E0334BD /* Pods-baranov.release.xcconfig */,
				5E43B89F9258B94691DD546E /* Pods-БАРС.debug.xcconfig */,
				F02D1B0C9E31BB344407CC7D /* Pods-БАРС.release.xcconfig */,
			);
			name = Pods;
			sourceTree = "<group>";
		};
/* End PBXGroup section */

/* Begin PBXNativeTarget section */
		2C15D7F91B47E8BD00935E9F /* БАРС */ = {
			isa = PBXNativeTarget;
			buildConfigurationList = 2C15D81C1B47E8BD00935E9F /* Build configuration list for PBXNativeTarget "БАРС" */;
			buildPhases = (
				32B92FF8A7A1F06E900A41F7 /* Check Pods Manifest.lock */,
				2C15D7F61B47E8BD00935E9F /* Sources */,
				2C15D7F71B47E8BD00935E9F /* Frameworks */,
				2C15D7F81B47E8BD00935E9F /* Resources */,
				50BD2176BE5BFD31384FA0B3 /* Embed Pods Frameworks */,
				9D8D8D6AAF053F90F1F899DF /* Copy Pods Resources */,
			);
			buildRules = (
			);
			dependencies = (
			);
			name = "БАРС";
			productName = baranov;
			productReference = 2C15D7FA1B47E8BD00935E9F /* БАРС.app */;
			productType = "com.apple.product-type.application";
		};
		2C15D8111B47E8BD00935E9F /* baranovTests */ = {
			isa = PBXNativeTarget;
			buildConfigurationList = 2C15D81F1B47E8BD00935E9F /* Build configuration list for PBXNativeTarget "baranovTests" */;
			buildPhases = (
				2C15D80E1B47E8BD00935E9F /* Sources */,
				2C15D80F1B47E8BD00935E9F /* Frameworks */,
				2C15D8101B47E8BD00935E9F /* Resources */,
			);
			buildRules = (
			);
			dependencies = (
				2C15D8141B47E8BD00935E9F /* PBXTargetDependency */,
			);
			name = baranovTests;
			productName = baranovTests;
			productReference = 2C15D8121B47E8BD00935E9F /* baranovTests.xctest */;
			productType = "com.apple.product-type.bundle.unit-test";
		};
/* End PBXNativeTarget section */

/* Begin PBXProject section */
		2C15D7F21B47E8BD00935E9F /* Project object */ = {
			isa = PBXProject;
			attributes = {
				LastSwiftMigration = 0710;
				LastSwiftUpdateCheck = 0700;
				LastUpgradeCheck = 0700;
				ORGANIZATIONNAME = Rabotyaga;
				TargetAttributes = {
					2C15D7F91B47E8BD00935E9F = {
						CreatedOnToolsVersion = 6.4;
						DevelopmentTeam = 96NVXXUC7J;
					};
					2C15D8111B47E8BD00935E9F = {
						CreatedOnToolsVersion = 6.4;
						TestTargetID = 2C15D7F91B47E8BD00935E9F;
					};
				};
			};
			buildConfigurationList = 2C15D7F51B47E8BD00935E9F /* Build configuration list for PBXProject "baranov" */;
			compatibilityVersion = "Xcode 3.2";
			developmentRegion = English;
			hasScannedForEncodings = 0;
			knownRegions = (
				en,
				Base,
			);
			mainGroup = 2C15D7F11B47E8BD00935E9F;
			productRefGroup = 2C15D7FB1B47E8BD00935E9F /* Products */;
			projectDirPath = "";
			projectRoot = "";
			targets = (
				2C15D7F91B47E8BD00935E9F /* БАРС */,
				2C15D8111B47E8BD00935E9F /* baranovTests */,
			);
		};
/* End PBXProject section */

/* Begin PBXResourcesBuildPhase section */
		2C15D7F81B47E8BD00935E9F /* Resources */ = {
			isa = PBXResourcesBuildPhase;
			buildActionMask = 2147483647;
			files = (
				2C67EF711B4ACD1600F19B2F /* Localizable.strings in Resources */,
				2C15D8081B47E8BD00935E9F /* Main.storyboard in Resources */,
				2C15D80D1B47E8BD00935E9F /* LaunchScreen.xib in Resources */,
				2C3D64F81B4962C400CEDCDB /* articles.db in Resources */,
				2C15D80A1B47E8BD00935E9F /* Images.xcassets in Resources */,
			);
			runOnlyForDeploymentPostprocessing = 0;
		};
		2C15D8101B47E8BD00935E9F /* Resources */ = {
			isa = PBXResourcesBuildPhase;
			buildActionMask = 2147483647;
			files = (
			);
			runOnlyForDeploymentPostprocessing = 0;
		};
/* End PBXResourcesBuildPhase section */

/* Begin PBXShellScriptBuildPhase section */
		32B92FF8A7A1F06E900A41F7 /* Check Pods Manifest.lock */ = {
			isa = PBXShellScriptBuildPhase;
			buildActionMask = 2147483647;
			files = (
			);
			inputPaths = (
			);
			name = "Check Pods Manifest.lock";
			outputPaths = (
			);
			runOnlyForDeploymentPostprocessing = 0;
			shellPath = /bin/sh;
			shellScript = "diff \"${PODS_ROOT}/../Podfile.lock\" \"${PODS_ROOT}/Manifest.lock\" > /dev/null\nif [[ $? != 0 ]] ; then\n    cat << EOM\nerror: The sandbox is not in sync with the Podfile.lock. Run 'pod install' or update your CocoaPods installation.\nEOM\n    exit 1\nfi\n";
			showEnvVarsInLog = 0;
		};
		50BD2176BE5BFD31384FA0B3 /* Embed Pods Frameworks */ = {
			isa = PBXShellScriptBuildPhase;
			buildActionMask = 2147483647;
			files = (
			);
			inputPaths = (
			);
			name = "Embed Pods Frameworks";
			outputPaths = (
			);
			runOnlyForDeploymentPostprocessing = 0;
			shellPath = /bin/sh;
			shellScript = "\"${SRCROOT}/Pods/Target Support Files/Pods-БАРС/Pods-БАРС-frameworks.sh\"\n";
			showEnvVarsInLog = 0;
		};
		9D8D8D6AAF053F90F1F899DF /* Copy Pods Resources */ = {
			isa = PBXShellScriptBuildPhase;
			buildActionMask = 2147483647;
			files = (
			);
			inputPaths = (
			);
			name = "Copy Pods Resources";
			outputPaths = (
			);
			runOnlyForDeploymentPostprocessing = 0;
			shellPath = /bin/sh;
			shellScript = "\"${SRCROOT}/Pods/Target Support Files/Pods-БАРС/Pods-БАРС-resources.sh\"\n";
			showEnvVarsInLog = 0;
		};
/* End PBXShellScriptBuildPhase section */

/* Begin PBXSourcesBuildPhase section */
		2C15D7F61B47E8BD00935E9F /* Sources */ = {
			isa = PBXSourcesBuildPhase;
			buildActionMask = 2147483647;
			files = (
				2C1EC3F91B57081F002A6595 /* NSDate+SQLite.swift in Sources */,
				2C67EF731B4AEADF00F19B2F /* MainViewController.swift in Sources */,
				2C3D64FC1B4A848C00CEDCDB /* UIColor+AppColors.swift in Sources */,
				2C24CA2D1B4C190C0045FF5F /* ArticleDataSourceDelegate.swift in Sources */,
				2CE1893A1B541EB800D019DA /* MenuTableViewController.swift in Sources */,
				2C7479101B52E57000D3DC1C /* AlphabetViewController.swift in Sources */,
				2C16AD271B501A9B00E72F9A /* DetailsDataSource.swift in Sources */,
				2C15D8231B47EE8800935E9F /* Article.swift in Sources */,
				2CE189381B541D9700D019DA /* ENSideMenuNavigationController.swift in Sources */,
				2C1EC3F71B55B368002A6595 /* SearchAutocompleteTableViewController.swift in Sources */,
				2CE189341B53B4A100D019DA /* Alphabet.swift in Sources */,
				2CD1D8751B4D3C3C00B4693E /* String+length.swift in Sources */,
				2C15D8001B47E8BD00935E9F /* AppDelegate.swift in Sources */,
				2CE189361B541D8D00D019DA /* ENSideMenu.swift in Sources */,
				2C24CA2B1B4C104E0045FF5F /* MyDatabase.swift in Sources */,
				2CE1893C1B54201500D019DA /* MyNavigationController.swift in Sources */,
				2C6D99691B483C0500DD5AAE /* ArticleTableViewCell.swift in Sources */,
				2C77B5461B4C40E3005E3ECF /* ArticleLoader.swift in Sources */,
				2C16AD251B4FFC2600E72F9A /* DetailsViewController.swift in Sources */,
				2CE189321B53B33900D019DA /* AlphabetTableViewCell.swift in Sources */,
				2C7479121B52E57E00D3DC1C /* AboutViewController.swift in Sources */,
				2CD1D8731B4D370D00B4693E /* UIFont+AppSizes.swift in Sources */,
			);
			runOnlyForDeploymentPostprocessing = 0;
		};
		2C15D80E1B47E8BD00935E9F /* Sources */ = {
			isa = PBXSourcesBuildPhase;
			buildActionMask = 2147483647;
			files = (
				2C15D8191B47E8BD00935E9F /* baranovTests.swift in Sources */,
			);
			runOnlyForDeploymentPostprocessing = 0;
		};
/* End PBXSourcesBuildPhase section */

/* Begin PBXTargetDependency section */
		2C15D8141B47E8BD00935E9F /* PBXTargetDependency */ = {
			isa = PBXTargetDependency;
			target = 2C15D7F91B47E8BD00935E9F /* БАРС */;
			targetProxy = 2C15D8131B47E8BD00935E9F /* PBXContainerItemProxy */;
		};
/* End PBXTargetDependency section */

/* Begin PBXVariantGroup section */
		2C15D8061B47E8BD00935E9F /* Main.storyboard */ = {
			isa = PBXVariantGroup;
			children = (
				2C15D8071B47E8BD00935E9F /* Base */,
			);
			name = Main.storyboard;
			sourceTree = "<group>";
		};
		2C15D80B1B47E8BD00935E9F /* LaunchScreen.xib */ = {
			isa = PBXVariantGroup;
			children = (
				2C15D80C1B47E8BD00935E9F /* Base */,
			);
			name = LaunchScreen.xib;
			sourceTree = "<group>";
		};
/* End PBXVariantGroup section */

/* Begin XCBuildConfiguration section */
		2C15D81A1B47E8BD00935E9F /* Debug */ = {
			isa = XCBuildConfiguration;
			buildSettings = {
				ALWAYS_SEARCH_USER_PATHS = NO;
				CLANG_CXX_LANGUAGE_STANDARD = "gnu++0x";
				CLANG_CXX_LIBRARY = "libc++";
				CLANG_ENABLE_MODULES = YES;
				CLANG_ENABLE_OBJC_ARC = YES;
				CLANG_WARN_BOOL_CONVERSION = YES;
				CLANG_WARN_CONSTANT_CONVERSION = YES;
				CLANG_WARN_DIRECT_OBJC_ISA_USAGE = YES_ERROR;
				CLANG_WARN_EMPTY_BODY = YES;
				CLANG_WARN_ENUM_CONVERSION = YES;
				CLANG_WARN_INT_CONVERSION = YES;
				CLANG_WARN_OBJC_ROOT_CLASS = YES_ERROR;
				CLANG_WARN_UNREACHABLE_CODE = YES;
				CLANG_WARN__DUPLICATE_METHOD_MATCH = YES;
				"CODE_SIGN_IDENTITY[sdk=iphoneos*]" = "iPhone Developer";
				COPY_PHASE_STRIP = NO;
				DEBUG_INFORMATION_FORMAT = "dwarf-with-dsym";
				ENABLE_BITCODE = NO;
				ENABLE_STRICT_OBJC_MSGSEND = YES;
				ENABLE_TESTABILITY = YES;
				GCC_C_LANGUAGE_STANDARD = gnu99;
				GCC_DYNAMIC_NO_PIC = NO;
				GCC_NO_COMMON_BLOCKS = YES;
				GCC_OPTIMIZATION_LEVEL = 0;
				GCC_PREPROCESSOR_DEFINITIONS = (
					"DEBUG=1",
					"$(inherited)",
				);
				GCC_SYMBOLS_PRIVATE_EXTERN = NO;
				GCC_WARN_64_TO_32_BIT_CONVERSION = YES;
				GCC_WARN_ABOUT_RETURN_TYPE = YES_ERROR;
				GCC_WARN_UNDECLARED_SELECTOR = YES;
				GCC_WARN_UNINITIALIZED_AUTOS = YES_AGGRESSIVE;
				GCC_WARN_UNUSED_FUNCTION = YES;
				GCC_WARN_UNUSED_VARIABLE = YES;
				IPHONEOS_DEPLOYMENT_TARGET = 8.4;
				MTL_ENABLE_DEBUG_INFO = YES;
				ONLY_ACTIVE_ARCH = YES;
				SDKROOT = iphoneos;
				SWIFT_OPTIMIZATION_LEVEL = "-Onone";
				TARGETED_DEVICE_FAMILY = "1,2";
			};
			name = Debug;
		};
		2C15D81B1B47E8BD00935E9F /* Release */ = {
			isa = XCBuildConfiguration;
			buildSettings = {
				ALWAYS_SEARCH_USER_PATHS = NO;
				CLANG_CXX_LANGUAGE_STANDARD = "gnu++0x";
				CLANG_CXX_LIBRARY = "libc++";
				CLANG_ENABLE_MODULES = YES;
				CLANG_ENABLE_OBJC_ARC = YES;
				CLANG_WARN_BOOL_CONVERSION = YES;
				CLANG_WARN_CONSTANT_CONVERSION = YES;
				CLANG_WARN_DIRECT_OBJC_ISA_USAGE = YES_ERROR;
				CLANG_WARN_EMPTY_BODY = YES;
				CLANG_WARN_ENUM_CONVERSION = YES;
				CLANG_WARN_INT_CONVERSION = YES;
				CLANG_WARN_OBJC_ROOT_CLASS = YES_ERROR;
				CLANG_WARN_UNREACHABLE_CODE = YES;
				CLANG_WARN__DUPLICATE_METHOD_MATCH = YES;
				"CODE_SIGN_IDENTITY[sdk=iphoneos*]" = "iPhone Developer";
				COPY_PHASE_STRIP = NO;
				DEBUG_INFORMATION_FORMAT = "dwarf-with-dsym";
				ENABLE_BITCODE = NO;
				ENABLE_NS_ASSERTIONS = NO;
				ENABLE_STRICT_OBJC_MSGSEND = YES;
				GCC_C_LANGUAGE_STANDARD = gnu99;
				GCC_NO_COMMON_BLOCKS = YES;
				GCC_WARN_64_TO_32_BIT_CONVERSION = YES;
				GCC_WARN_ABOUT_RETURN_TYPE = YES_ERROR;
				GCC_WARN_UNDECLARED_SELECTOR = YES;
				GCC_WARN_UNINITIALIZED_AUTOS = YES_AGGRESSIVE;
				GCC_WARN_UNUSED_FUNCTION = YES;
				GCC_WARN_UNUSED_VARIABLE = YES;
				IPHONEOS_DEPLOYMENT_TARGET = 8.4;
				MTL_ENABLE_DEBUG_INFO = NO;
				SDKROOT = iphoneos;
				TARGETED_DEVICE_FAMILY = "1,2";
				VALIDATE_PRODUCT = YES;
			};
			name = Release;
		};
		2C15D81D1B47E8BD00935E9F /* Debug */ = {
			isa = XCBuildConfiguration;
			baseConfigurationReference = 5E43B89F9258B94691DD546E /* Pods-БАРС.debug.xcconfig */;
			buildSettings = {
				ASSETCATALOG_COMPILER_APPICON_NAME = AppIcon;
				CODE_SIGN_IDENTITY = "iPhone Developer";
				"CODE_SIGN_IDENTITY[sdk=iphoneos*]" = "iPhone Developer";
				ENABLE_BITCODE = NO;
				INFOPLIST_FILE = baranov/Info.plist;
				IPHONEOS_DEPLOYMENT_TARGET = 9.1;
				LD_RUNPATH_SEARCH_PATHS = "$(inherited) @executable_path/Frameworks";
				PRODUCT_BUNDLE_IDENTIFIER = ru.rabotyaga.baranov;
				PRODUCT_NAME = "$(TARGET_NAME)";
				PROVISIONING_PROFILE = "";
			};
			name = Debug;
		};
		2C15D81E1B47E8BD00935E9F /* Release */ = {
			isa = XCBuildConfiguration;
			baseConfigurationReference = F02D1B0C9E31BB344407CC7D /* Pods-БАРС.release.xcconfig */;
			buildSettings = {
				ASSETCATALOG_COMPILER_APPICON_NAME = AppIcon;
				CODE_SIGN_IDENTITY = "iPhone Developer";
				"CODE_SIGN_IDENTITY[sdk=iphoneos*]" = "iPhone Developer";
				ENABLE_BITCODE = NO;
				INFOPLIST_FILE = baranov/Info.plist;
				IPHONEOS_DEPLOYMENT_TARGET = 9.1;
				LD_RUNPATH_SEARCH_PATHS = "$(inherited) @executable_path/Frameworks";
				PRODUCT_BUNDLE_IDENTIFIER = ru.rabotyaga.baranov;
				PRODUCT_NAME = "$(TARGET_NAME)";
				PROVISIONING_PROFILE = "";
			};
			name = Release;
		};
		2C15D8201B47E8BD00935E9F /* Debug */ = {
			isa = XCBuildConfiguration;
			buildSettings = {
				BUNDLE_LOADER = "$(TEST_HOST)";
				GCC_PREPROCESSOR_DEFINITIONS = (
					"DEBUG=1",
					"$(inherited)",
				);
				INFOPLIST_FILE = baranovTests/Info.plist;
				LD_RUNPATH_SEARCH_PATHS = "$(inherited) @executable_path/Frameworks @loader_path/Frameworks";
				PRODUCT_BUNDLE_IDENTIFIER = "ru.rabotyaga.$(PRODUCT_NAME:rfc1034identifier)";
				PRODUCT_NAME = "$(TARGET_NAME)";
				TEST_HOST = "$(BUILT_PRODUCTS_DIR)/baranov.app/baranov";
			};
			name = Debug;
		};
		2C15D8211B47E8BD00935E9F /* Release */ = {
			isa = XCBuildConfiguration;
			buildSettings = {
				BUNDLE_LOADER = "$(TEST_HOST)";
				INFOPLIST_FILE = baranovTests/Info.plist;
				LD_RUNPATH_SEARCH_PATHS = "$(inherited) @executable_path/Frameworks @loader_path/Frameworks";
				PRODUCT_BUNDLE_IDENTIFIER = "ru.rabotyaga.$(PRODUCT_NAME:rfc1034identifier)";
				PRODUCT_NAME = "$(TARGET_NAME)";
				TEST_HOST = "$(BUILT_PRODUCTS_DIR)/baranov.app/baranov";
			};
			name = Release;
		};
/* End XCBuildConfiguration section */

/* Begin XCConfigurationList section */
		2C15D7F51B47E8BD00935E9F /* Build configuration list for PBXProject "baranov" */ = {
			isa = XCConfigurationList;
			buildConfigurations = (
				2C15D81A1B47E8BD00935E9F /* Debug */,
				2C15D81B1B47E8BD00935E9F /* Release */,
			);
			defaultConfigurationIsVisible = 0;
			defaultConfigurationName = Release;
		};
		2C15D81C1B47E8BD00935E9F /* Build configuration list for PBXNativeTarget "БАРС" */ = {
			isa = XCConfigurationList;
			buildConfigurations = (
				2C15D81D1B47E8BD00935E9F /* Debug */,
				2C15D81E1B47E8BD00935E9F /* Release */,
			);
			defaultConfigurationIsVisible = 0;
			defaultConfigurationName = Release;
		};
		2C15D81F1B47E8BD00935E9F /* Build configuration list for PBXNativeTarget "baranovTests" */ = {
			isa = XCConfigurationList;
			buildConfigurations = (
				2C15D8201B47E8BD00935E9F /* Debug */,
				2C15D8211B47E8BD00935E9F /* Release */,
			);
			defaultConfigurationIsVisible = 0;
			defaultConfigurationName = Release;
		};
/* End XCConfigurationList section */
	};
	rootObject = 2C15D7F21B47E8BD00935E9F /* Project object */;
}
